{"format_version":"1.0","provider_schemas":{"registry.terraform.io/groundcover-com/groundcover":{"provider":{"version":0,"block":{"attributes":{"api_key":{"type":"string","description":"groundcover API Key. Can also be set via the GROUNDCOVER_API_KEY environment variable.","description_kind":"markdown","optional":true,"sensitive":true},"api_url":{"type":"string","description":"groundcover API URL. Defaults to the groundcover production URL. Can also be set via the GROUNDCOVER_API_URL environment variable.","description_kind":"markdown","optional":true},"backend_id":{"type":"string","description":"groundcover Backend ID. Can also be set via the GROUNDCOVER_BACKEND_ID environment variable.","description_kind":"markdown","optional":true},"org_name":{"type":"string","description":"groundcover Organization Name. Can also be set via the GROUNDCOVER_ORG_NAME environment variable. Deprecated: Use backend_id instead.","description_kind":"markdown","optional":true}},"description":"Terraform provider for managing groundcover resources.","description_kind":"markdown"}},"resource_schemas":{"groundcover_apikey":{"version":0,"block":{"attributes":{"api_key":{"type":"string","description":"The generated API key. This value is only available upon creation.","description_kind":"plain","computed":true,"sensitive":true},"created_by":{"type":"string","description":"The user who created the API key.","description_kind":"plain","computed":true},"creation_date":{"type":"string","description":"The date the API key was created (RFC3339 format).","description_kind":"plain","computed":true},"description":{"type":"string","description":"A description for the API key.","description_kind":"plain","optional":true},"expiration_date":{"type":"string","description":"The expiration date for the API key (RFC3339 format). If not set, the key never expires.","description_kind":"plain","optional":true},"expired_at":{"type":"string","description":"The date the API key expired (RFC3339 format), based on the 'expiration_date' set.","description_kind":"plain","computed":true},"id":{"type":"string","description":"The unique identifier for the API key.","description_kind":"plain","computed":true},"last_active":{"type":"string","description":"The last time the API key was active (RFC3339 format).","description_kind":"plain","computed":true},"name":{"type":"string","description":"The name of the API key.","description_kind":"plain","required":true},"policies":{"nested_type":{"attributes":{"name":{"type":"string","description":"Policy name.","description_kind":"plain","computed":true},"uuid":{"type":"string","description":"Policy UUID.","description_kind":"plain","computed":true}},"nesting_mode":"list"},"description":"Policies associated with the service account linked to this API key.","description_kind":"plain","computed":true},"revoked_at":{"type":"string","description":"The date the API key was revoked (RFC3339 format), if applicable.","description_kind":"plain","computed":true},"service_account_id":{"type":"string","description":"The ID of the service account associated with the API key.","description_kind":"plain","required":true}},"description":"API Key resource.","description_kind":"plain"}},"groundcover_connected_app":{"version":0,"block":{"attributes":{"created_at":{"type":"string","description":"The date the connected app was created (RFC3339 format).","description_kind":"plain","computed":true},"created_by":{"type":"string","description":"The user who created the connected app.","description_kind":"plain","computed":true},"data":{"type":"dynamic","description":"Type-specific configuration. Supports nested structures. For slack-webhook: {url = \"https://...\"}. For pagerduty: {routing_key = \"...\", severity_mapping = {critical = \"P1\", ...}}. For rootly: {api_key = \"...\", webhook_url = \"https://...\"}. For opsgenie: {api_key = \"...\", region = \"us\", priority_mapping = {critical = \"P1\", ...}}. For incidentio: {url = \"https://...\", severity_mapping = {critical = \"SEV0\", ...}}. For ms-teams: {url = \"https://...\"}. For webhook: {url = \"https://...\", method = \"POST\" (GET/POST/PUT/DELETE), headers = {key = \"value\"}, auth_type = \"bearer\"|\"basic\", api_key = \"...\" (for bearer), username = \"...\", password = \"...\" (for basic), custom_payload = \"JSON Jinja2 template string (max 64KB)\"}.","description_kind":"plain","required":true,"sensitive":true},"data_hash":{"type":"string","description":"SHA-256 hash of the stored connected app data (including secret fields), computed by groundcover. Because `data` is sensitive and redacted on read, this hash is how Terraform detects that the stored data changed outside of Terraform. Drift detection is forward-looking: it covers changes made after this hash is first recorded in state (i.e. after upgrading to a provider version that supports `data_hash`, on the next refresh/apply). For resources created by an older provider version, the first refresh adopts the current server hash as the baseline, so any out-of-band change made before the upgrade is absorbed rather than flagged.","description_kind":"plain","computed":true},"id":{"type":"string","description":"The unique identifier for the connected app.","description_kind":"plain","computed":true},"name":{"type":"string","description":"Name of the connected app.","description_kind":"plain","required":true},"type":{"type":"string","description":"Type of connected app (slack-webhook, pagerduty, opsgenie, incidentio, webhook, rootly, or ms-teams).","description_kind":"plain","required":true},"updated_at":{"type":"string","description":"The date the connected app was last updated (RFC3339 format).","description_kind":"plain","computed":true},"updated_by":{"type":"string","description":"The user who last updated the connected app.","description_kind":"plain","computed":true}},"description":"Connected App resource for managing integrations with external services.","description_kind":"plain"}},"groundcover_connected_app_json":{"version":0,"block":{"attributes":{"created_at":{"type":"string","description":"The date the connected app was created (RFC3339 format).","description_kind":"plain","computed":true},"created_by":{"type":"string","description":"The user who created the connected app.","description_kind":"plain","computed":true},"data":{"type":"string","description":"JSON-encoded type-specific configuration. Same shapes as groundcover_connected_app.data, supplied as a JSON object string, e.g. jsonencode({ url = \"https://...\" }) for slack-webhook.","description_kind":"plain","required":true,"sensitive":true},"data_hash":{"type":"string","description":"SHA-256 hash of the stored connected app data, computed by groundcover. Because `data` is sensitive and redacted on read, this hash is how drift in the stored data is detected. Drift detection is forward-looking (see groundcover_connected_app.data_hash).","description_kind":"plain","computed":true},"id":{"type":"string","description":"The unique identifier for the connected app.","description_kind":"plain","computed":true},"name":{"type":"string","description":"Name of the connected app.","description_kind":"plain","required":true},"type":{"type":"string","description":"Type of connected app (slack-webhook, pagerduty, opsgenie, incidentio, webhook, rootly, or ms-teams).","description_kind":"plain","required":true},"updated_at":{"type":"string","description":"The date the connected app was last updated (RFC3339 format).","description_kind":"plain","computed":true},"updated_by":{"type":"string","description":"The user who last updated the connected app.","description_kind":"plain","computed":true}},"description":"Connected App resource whose type-specific configuration is supplied as a JSON string. Functionally identical to groundcover_connected_app, but the JSON-string `data` makes it usable by schema code generators (Crossplane/upjet) that cannot represent dynamic attributes.","description_kind":"plain"}},"groundcover_dashboard":{"version":0,"block":{"attributes":{"description":{"type":"string","description":"The description of the dashboard.","description_kind":"plain","optional":true},"id":{"type":"string","description":"The UUID of the dashboard.","description_kind":"plain","computed":true},"name":{"type":"string","description":"The name of the dashboard.","description_kind":"plain","required":true},"override":{"type":"bool","description":"Deprecated: this attribute is ignored. Override is always enabled for terraform-managed updates.","description_kind":"plain","deprecated":true,"optional":true},"owner":{"type":"string","description":"The owner of the dashboard.","description_kind":"plain","computed":true},"preset":{"type":"string","description":"The preset configuration for the dashboard.","description_kind":"plain","required":true},"revision_number":{"type":"number","description":"The revision number of the dashboard.","description_kind":"plain","computed":true},"status":{"type":"string","description":"The status of the dashboard.","description_kind":"plain","computed":true},"team":{"type":"string","description":"The team that owns the dashboard.","description_kind":"plain","optional":true}},"description":"Dashboard resource for managing groundcover dashboards.","description_kind":"plain"}},"groundcover_dataintegration":{"version":0,"block":{"attributes":{"cluster":{"type":"string","description":"The cluster where the data integration runs. If unspecified, it will run in the backend.","description_kind":"plain","optional":true},"config":{"type":"string","description":"The JSON configuration for the data integration.","description_kind":"plain","required":true},"id":{"type":"string","description":"The unique identifier of the data integration configuration.","description_kind":"plain","computed":true},"is_paused":{"type":"bool","description":"Whether the data integration is paused. Default: `false`.","description_kind":"plain","optional":true,"computed":true},"type":{"type":"string","description":"The type of data integration (e.g., 'cloudwatch', etc.).","description_kind":"plain","required":true},"updated_at":{"type":"string","description":"The last update timestamp of the data integration configuration.","description_kind":"plain","computed":true},"updated_by":{"type":"string","description":"The user who last updated the data integration configuration.","description_kind":"plain","computed":true}},"description":"DataIntegration resource for managing groundcover's integrations with external services such as cloud providers, databases and more. This resource is composed of general metadata on the integration and a specific configuration per data source. Navigate to the relevant nested schema according to your specific needs.","description_kind":"plain"}},"groundcover_ingestionkey":{"version":0,"block":{"attributes":{"created_by":{"type":"string","description":"The user who created the ingestion key.","description_kind":"plain","computed":true},"creation_date":{"type":"string","description":"The creation date of the ingestion key. Deprecated: No longer provided by API v1.84.0+","description_kind":"plain","deprecated":true,"computed":true},"id":{"type":"string","description":"The unique identifier of the ingestion key.","description_kind":"plain","computed":true},"key":{"type":"string","description":"The actual key value for ingestion.","description_kind":"plain","computed":true},"name":{"type":"string","description":"The name of the ingestion key.","description_kind":"plain","required":true},"remote_config":{"type":"bool","description":"Indicates if the ingestion key is configured for remote configuration.","description_kind":"plain","optional":true,"computed":true},"tags":{"type":["list","string"],"description":"Tags associated with the ingestion key.","description_kind":"plain","optional":true,"computed":true},"type":{"type":"string","description":"The type of the ingestion key. Valid values are: 'sensor', 'rum', 'thirdParty'.","description_kind":"plain","required":true}},"description":"Ingestion Key resource.","description_kind":"plain"}},"groundcover_logspipeline":{"version":0,"block":{"attributes":{"updated_at":{"type":"string","description":"The last update timestamp of the logs pipeline configuration.","description_kind":"plain","computed":true},"value":{"type":"string","description":"The YAML representation of the logs pipeline configuration.","description_kind":"plain","required":true}},"description":"Logs Pipeline resource. This is a singleton resource.","description_kind":"plain"}},"groundcover_metricsaggregation":{"version":0,"block":{"attributes":{"updated_at":{"type":"string","description":"The last update timestamp of the metrics aggregation configuration.","description_kind":"plain","computed":true},"value":{"type":"string","description":"The YAML representation of the metrics aggregation configuration.","description_kind":"plain","required":true}},"description":"Metrics Aggregation resource. This is a singleton resource that configures metrics aggregation rules.","description_kind":"plain"}},"groundcover_metricspipeline":{"version":0,"block":{"attributes":{"rules":{"nested_type":{"attributes":{"add_label":{"type":["map","string"],"description":"Map of label key-value pairs to add to every metric.","description_kind":"plain","optional":true},"drop_regex":{"type":["list","string"],"description":"List of regex patterns. Metrics whose __name__ matches any pattern are dropped.","description_kind":"plain","optional":true},"keep_regex":{"type":["list","string"],"description":"List of regex patterns. Only metrics whose __name__ matches at least one pattern are kept. All others are dropped.","description_kind":"plain","optional":true},"raw":{"type":"string","description":"Raw VictoriaMetrics relabeling rules in YAML format for advanced use cases.","description_kind":"plain","optional":true},"remove_label":{"type":["list","string"],"description":"List of label names to remove from every metric. Be careful with this setting as it can cause metrics amalgamation.","description_kind":"plain","optional":true}},"nesting_mode":"single"},"description":"Relabeling rules to apply to metrics.","description_kind":"plain","optional":true},"updated_at":{"type":"string","description":"The last update timestamp of the metrics pipeline configuration.","description_kind":"plain","computed":true}},"description":"Metrics Pipeline resource. Singleton resource that configures metrics relabeling rules applied before aggregation.","description_kind":"plain"}},"groundcover_monitor":{"version":0,"block":{"attributes":{"id":{"type":"string","description":"Monitor identifier (UUID).","description_kind":"markdown","computed":true},"monitor_yaml":{"type":"string","description":"The monitor definition in YAML format.","description_kind":"markdown","required":true}},"description":"**Deprecated:** use `groundcover_monitor_v2` (see monitor_v2.md) instead. groundcover Monitor resource managed via raw YAML.","description_kind":"markdown","deprecated":true}},"groundcover_monitor_v2":{"version":0,"block":{"attributes":{"annotations":{"type":["map","string"],"description":"Annotations to attach to the monitor and resulting alerts. The `_gc_monitor_v2_query_type` and `_gc_data_type` keys are reserved for provider-managed Monitor V2 state and cannot be configured.","description_kind":"markdown","optional":true,"computed":true},"auto_resolve":{"type":"bool","description":"Whether the monitor should auto-resolve.","description_kind":"markdown","optional":true,"computed":true},"category":{"type":"string","description":"Monitor category.","description_kind":"markdown","optional":true},"execution_error_state":{"type":"string","description":"State to enter if query execution fails.","description_kind":"markdown","optional":true},"id":{"type":"string","description":"Monitor identifier (UUID).","description_kind":"markdown","computed":true},"is_paused":{"type":"bool","description":"Whether the monitor is paused.","description_kind":"markdown","optional":true,"computed":true},"labels":{"type":["map","string"],"description":"Labels to attach to the monitor and resulting alerts.","description_kind":"markdown","optional":true,"computed":true},"measurement_type":{"type":"string","description":"Type of measurement evaluated by the monitor.","description_kind":"markdown","required":true},"no_data_state":{"type":"string","description":"State to enter when the query returns no data.","description_kind":"markdown","optional":true},"routing":{"type":["list","string"],"description":"Routing destinations for the monitor.","description_kind":"markdown","optional":true,"computed":true},"severity":{"type":"string","description":"Monitor severity.","description_kind":"markdown","required":true},"team":{"type":"string","description":"Team associated with the monitor.","description_kind":"markdown","optional":true},"title":{"type":"string","description":"Monitor title.","description_kind":"markdown","required":true}},"block_types":{"display":{"nesting_mode":"single","block":{"attributes":{"context_header_labels":{"type":["list","string"],"description":"Labels shown in the context header.","description_kind":"markdown","optional":true},"description":{"type":"string","description":"Issue description.","description_kind":"markdown","optional":true},"header":{"type":"string","description":"Issue header.","description_kind":"markdown","optional":true},"resource_header_labels":{"type":["list","string"],"description":"Labels shown in the resource header.","description_kind":"markdown","optional":true},"template_language":{"type":"string","description":"Template language for header and description.","description_kind":"markdown","optional":true}},"description":"Display metadata shown in monitor issues.","description_kind":"markdown"}},"evaluation_interval":{"nesting_mode":"single","block":{"attributes":{"interval":{"type":"string","description":"How often the monitor evaluates, for example `1m`.","description_kind":"markdown","optional":true,"computed":true},"pending_for":{"type":"string","description":"How long the condition must remain true before alerting, for example `5m`.","description_kind":"markdown","optional":true,"computed":true}},"description":"Monitor evaluation interval and pending duration.","description_kind":"markdown"}},"notification_settings":{"nesting_mode":"single","block":{"attributes":{"connected_app_params":{"nested_type":{"attributes":{"assignee_id":{"type":"string","description":"Linear user to assign created/updated issues to.","description_kind":"markdown","optional":true},"auto_resolve":{"type":"bool","description":"Whether resolved monitor issues transition the linked Linear issues. Defaults to `false`.","description_kind":"markdown","optional":true,"computed":true},"channels":{"nested_type":{"attributes":{"id":{"type":"string","description":"Slack channel ID used for delivery.","description_kind":"markdown","required":true},"name":{"type":"string","description":"Channel display name shown by channel selectors; optional.","description_kind":"markdown","optional":true}},"nesting_mode":"list"},"description":"Slack channels to notify for this connected app.","description_kind":"markdown","optional":true},"delegate_id":{"type":"string","description":"Linear agent to delegate created/updated issues to.","description_kind":"markdown","optional":true},"label_ids":{"type":["list","string"],"description":"Linear label IDs to assign to created/updated issues.","description_kind":"markdown","optional":true},"project_id":{"type":"string","description":"Linear project to assign created/updated issues to.","description_kind":"markdown","optional":true},"resolved_status_id":{"type":"string","description":"Linear status used when auto-resolving issues.","description_kind":"markdown","optional":true},"team_id":{"type":"string","description":"Linear team that receives created issues.","description_kind":"markdown","optional":true}},"nesting_mode":"map"},"description":"Per-connected-app delivery options keyed by connected app ID.","description_kind":"markdown","optional":true},"connected_apps":{"type":["list","string"],"description":"Connected app IDs to notify.","description_kind":"markdown","optional":true},"disable_renotification":{"type":"bool","description":"Whether renotification is disabled.","description_kind":"markdown","optional":true,"computed":true},"method":{"type":"string","description":"Notification method.","description_kind":"markdown","optional":true},"renotification_interval":{"type":"string","description":"Duration between renotifications, for example `4h`.","description_kind":"markdown","optional":true},"status_filters":{"type":["list","string"],"description":"Issue statuses that should notify.","description_kind":"markdown","optional":true}},"description":"Notification behavior for this monitor.","description_kind":"markdown"}},"query":{"nesting_mode":"single","block":{"attributes":{"data_type":{"type":"string","description":"GCQL data type. Required when `type = \"gcql\"`. Supported values: `logs`, `traces`, `events`, `apm`.","description_kind":"markdown","optional":true},"datasource_id":{"type":"string","description":"Optional datasource identifier for raw queries.","description_kind":"markdown","optional":true},"datasource_type":{"type":"string","description":"Metrics datasource type for MetricsQL. Defaults to `prometheus` when `type = \"metricsql\"`.","description_kind":"markdown","optional":true,"computed":true},"evaluation_delay":{"type":"string","description":"Evaluation delay as a duration from `0s` to `1h`, whole seconds only, for example `15m` or `900s`. Delays query evaluation to account for late-arriving data.","description_kind":"markdown","optional":true,"computed":true},"expression":{"type":"string","description":"Query expression.","description_kind":"markdown","required":true},"instant_rollup":{"type":"string","description":"GCQL rollup window used to add the monitor evaluation time bucket, for example `5m` or `5 minutes`.","description_kind":"markdown","optional":true,"computed":true},"name":{"type":"string","description":"Query name. Defaults to `threshold_input_query`.","description_kind":"markdown","optional":true,"computed":true},"query_type":{"type":"string","description":"Query execution type for MetricsQL or raw SQL. Defaults to `instant`.","description_kind":"markdown","optional":true,"computed":true},"type":{"type":"string","description":"Query language/type. Supported values: `gcql`, `metricsql`, `raw_sql`.","description_kind":"markdown","required":true}},"block_types":{"relative_timerange":{"nesting_mode":"single","block":{"attributes":{"from":{"type":"string","description":"Start of the relative range, for example `-5m`.","description_kind":"markdown","optional":true,"computed":true},"to":{"type":"string","description":"End of the relative range, for example `0m`.","description_kind":"markdown","optional":true,"computed":true}},"description":"Relative time range for this query, reducer, or threshold.","description_kind":"markdown"}},"rollup":{"nesting_mode":"single","block":{"attributes":{"function":{"type":"string","description":"Rollup function.","description_kind":"markdown","optional":true},"time":{"type":"string","description":"Rollup time window, for example `5m` or `1 hour`.","description_kind":"markdown","optional":true,"computed":true}},"description":"MetricsQL rollup. Required for MetricsQL queries.","description_kind":"markdown"}}},"description":"Required. Single query evaluated by the monitor. Use `type = \"gcql\"`, `type = \"metricsql\"`, or `type = \"raw_sql\"`.","description_kind":"markdown"}},"reducer":{"nesting_mode":"list","block":{"attributes":{"expression":{"type":"string","description":"Math expression when `type = \"math\"`.","description_kind":"markdown","optional":true},"input_name":{"type":"string","description":"Query or reducer output name to use as input.","description_kind":"markdown","optional":true},"name":{"type":"string","description":"Reducer output name.","description_kind":"markdown","optional":true},"type":{"type":"string","description":"Reducer type.","description_kind":"markdown","required":true}},"block_types":{"relative_timerange":{"nesting_mode":"single","block":{"attributes":{"from":{"type":"string","description":"Start of the relative range, for example `-5m`.","description_kind":"markdown","optional":true,"computed":true},"to":{"type":"string","description":"End of the relative range, for example `0m`.","description_kind":"markdown","optional":true,"computed":true}},"description":"Relative time range for this query, reducer, or threshold.","description_kind":"markdown"}}},"description":"Reducers that aggregate or transform query results before threshold evaluation.","description_kind":"markdown"}},"threshold":{"nesting_mode":"list","block":{"attributes":{"input_name":{"type":"string","description":"Query or reducer output name to evaluate.","description_kind":"markdown","required":true},"name":{"type":"string","description":"Threshold name.","description_kind":"markdown","required":true},"operator":{"type":"string","description":"Threshold comparison operator.","description_kind":"markdown","required":true},"values":{"type":["list","number"],"description":"Numeric threshold values.","description_kind":"markdown","required":true}},"block_types":{"custom_resolve_threshold":{"nesting_mode":"single","block":{"attributes":{"operator":{"type":"string","description":"Recovery comparison operator.","description_kind":"markdown","optional":true},"values":{"type":["list","number"],"description":"Numeric recovery threshold values.","description_kind":"markdown","optional":true}},"description":"Optional custom recovery threshold used to reduce alert flapping. Supported only with `gt`, `lt`, `within_range`, and `outside_range` firing operators.","description_kind":"markdown"}},"relative_timerange":{"nesting_mode":"single","block":{"attributes":{"from":{"type":"string","description":"Start of the relative range, for example `-5m`.","description_kind":"markdown","optional":true,"computed":true},"to":{"type":"string","description":"End of the relative range, for example `0m`.","description_kind":"markdown","optional":true,"computed":true}},"description":"Relative time range for this query, reducer, or threshold.","description_kind":"markdown"}}},"description":"Required. Thresholds that decide when the monitor fires. At least one threshold block must be configured.","description_kind":"markdown"}}},"description":"Manages a groundcover Monitor with a typed Terraform schema. This resource avoids the raw YAML blob used by `groundcover_monitor` and supports GCQL, MetricsQL, and raw SQL query definitions.","description_kind":"markdown"}},"groundcover_monitor_v2_json":{"version":0,"block":{"attributes":{"annotations":{"type":["map","string"],"description":"Annotations to attach to the monitor and resulting alerts. The `_gc_monitor_v2_query_type` and `_gc_data_type` keys are reserved for provider-managed Monitor V2 state and cannot be configured.","description_kind":"markdown","optional":true,"computed":true},"auto_resolve":{"type":"bool","description":"Whether the monitor should auto-resolve.","description_kind":"markdown","optional":true,"computed":true},"category":{"type":"string","description":"Monitor category.","description_kind":"markdown","optional":true},"execution_error_state":{"type":"string","description":"State to enter if query execution fails.","description_kind":"markdown","optional":true},"id":{"type":"string","description":"Monitor identifier (UUID).","description_kind":"markdown","computed":true},"is_paused":{"type":"bool","description":"Whether the monitor is paused.","description_kind":"markdown","optional":true,"computed":true},"labels":{"type":["map","string"],"description":"Labels to attach to the monitor and resulting alerts.","description_kind":"markdown","optional":true,"computed":true},"measurement_type":{"type":"string","description":"Type of measurement evaluated by the monitor.","description_kind":"markdown","required":true},"no_data_state":{"type":"string","description":"State to enter when the query returns no data.","description_kind":"markdown","optional":true},"routing":{"type":["list","string"],"description":"Routing destinations for the monitor.","description_kind":"markdown","optional":true,"computed":true},"severity":{"type":"string","description":"Monitor severity.","description_kind":"markdown","required":true},"team":{"type":"string","description":"Team associated with the monitor.","description_kind":"markdown","optional":true},"title":{"type":"string","description":"Monitor title.","description_kind":"markdown","required":true}},"block_types":{"display":{"nesting_mode":"single","block":{"attributes":{"context_header_labels":{"type":["list","string"],"description":"Labels shown in the context header.","description_kind":"markdown","optional":true},"description":{"type":"string","description":"Issue description.","description_kind":"markdown","optional":true},"header":{"type":"string","description":"Issue header.","description_kind":"markdown","optional":true},"resource_header_labels":{"type":["list","string"],"description":"Labels shown in the resource header.","description_kind":"markdown","optional":true},"template_language":{"type":"string","description":"Template language for header and description.","description_kind":"markdown","optional":true}},"description":"Display metadata shown in monitor issues.","description_kind":"markdown"}},"evaluation_interval":{"nesting_mode":"single","block":{"attributes":{"interval":{"type":"string","description":"How often the monitor evaluates, for example `1m`.","description_kind":"markdown","optional":true,"computed":true},"pending_for":{"type":"string","description":"How long the condition must remain true before alerting, for example `5m`.","description_kind":"markdown","optional":true,"computed":true}},"description":"Monitor evaluation interval and pending duration.","description_kind":"markdown"}},"notification_settings":{"nesting_mode":"single","block":{"attributes":{"connected_app_params":{"type":"string","description":"JSON-encoded per-connected-app delivery options keyed by connected app ID. String form of `groundcover_monitor_v2.connected_app_params`, for schema code generators (Crossplane/upjet) that cannot represent nested maps. Each entry is an object with: `channels` (list of `{ id (required), name }`) and the optional Linear fields `team_id`, `assignee_id`, `delegate_id`, `project_id`, `resolved_status_id`, `label_ids` (list of strings), and `auto_resolve` (bool). Example: `jsonencode({ \"app-id\" = { channels = [{ id = \"C123\", name = \"#alerts\" }], team_id = \"T1\", label_ids = [\"L1\"], auto_resolve = true } })`.","description_kind":"markdown","optional":true},"connected_apps":{"type":["list","string"],"description":"Connected app IDs to notify.","description_kind":"markdown","optional":true},"disable_renotification":{"type":"bool","description":"Whether renotification is disabled.","description_kind":"markdown","optional":true,"computed":true},"method":{"type":"string","description":"Notification method.","description_kind":"markdown","optional":true},"renotification_interval":{"type":"string","description":"Duration between renotifications, for example `4h`.","description_kind":"markdown","optional":true},"status_filters":{"type":["list","string"],"description":"Issue statuses that should notify.","description_kind":"markdown","optional":true}},"description":"Notification behavior for this monitor.","description_kind":"markdown"}},"query":{"nesting_mode":"single","block":{"attributes":{"data_type":{"type":"string","description":"GCQL data type. Required when `type = \"gcql\"`. Supported values: `logs`, `traces`, `events`, `apm`.","description_kind":"markdown","optional":true},"datasource_id":{"type":"string","description":"Optional datasource identifier for raw queries.","description_kind":"markdown","optional":true},"datasource_type":{"type":"string","description":"Metrics datasource type for MetricsQL. Defaults to `prometheus` when `type = \"metricsql\"`.","description_kind":"markdown","optional":true,"computed":true},"evaluation_delay":{"type":"string","description":"Evaluation delay as a duration from `0s` to `1h`, whole seconds only, for example `15m` or `900s`. Delays query evaluation to account for late-arriving data.","description_kind":"markdown","optional":true,"computed":true},"expression":{"type":"string","description":"Query expression.","description_kind":"markdown","required":true},"instant_rollup":{"type":"string","description":"GCQL rollup window used to add the monitor evaluation time bucket, for example `5m` or `5 minutes`.","description_kind":"markdown","optional":true,"computed":true},"name":{"type":"string","description":"Query name. Defaults to `threshold_input_query`.","description_kind":"markdown","optional":true,"computed":true},"query_type":{"type":"string","description":"Query execution type for MetricsQL or raw SQL. Defaults to `instant`.","description_kind":"markdown","optional":true,"computed":true},"type":{"type":"string","description":"Query language/type. Supported values: `gcql`, `metricsql`, `raw_sql`.","description_kind":"markdown","required":true}},"block_types":{"relative_timerange":{"nesting_mode":"single","block":{"attributes":{"from":{"type":"string","description":"Start of the relative range, for example `-5m`.","description_kind":"markdown","optional":true,"computed":true},"to":{"type":"string","description":"End of the relative range, for example `0m`.","description_kind":"markdown","optional":true,"computed":true}},"description":"Relative time range for this query, reducer, or threshold.","description_kind":"markdown"}},"rollup":{"nesting_mode":"single","block":{"attributes":{"function":{"type":"string","description":"Rollup function.","description_kind":"markdown","optional":true},"time":{"type":"string","description":"Rollup time window, for example `5m` or `1 hour`.","description_kind":"markdown","optional":true,"computed":true}},"description":"MetricsQL rollup. Required for MetricsQL queries.","description_kind":"markdown"}}},"description":"Required. Single query evaluated by the monitor. Use `type = \"gcql\"`, `type = \"metricsql\"`, or `type = \"raw_sql\"`.","description_kind":"markdown"}},"reducer":{"nesting_mode":"list","block":{"attributes":{"expression":{"type":"string","description":"Math expression when `type = \"math\"`.","description_kind":"markdown","optional":true},"input_name":{"type":"string","description":"Query or reducer output name to use as input.","description_kind":"markdown","optional":true},"name":{"type":"string","description":"Reducer output name.","description_kind":"markdown","optional":true},"type":{"type":"string","description":"Reducer type.","description_kind":"markdown","required":true}},"block_types":{"relative_timerange":{"nesting_mode":"single","block":{"attributes":{"from":{"type":"string","description":"Start of the relative range, for example `-5m`.","description_kind":"markdown","optional":true,"computed":true},"to":{"type":"string","description":"End of the relative range, for example `0m`.","description_kind":"markdown","optional":true,"computed":true}},"description":"Relative time range for this query, reducer, or threshold.","description_kind":"markdown"}}},"description":"Reducers that aggregate or transform query results before threshold evaluation.","description_kind":"markdown"}},"threshold":{"nesting_mode":"list","block":{"attributes":{"input_name":{"type":"string","description":"Query or reducer output name to evaluate.","description_kind":"markdown","required":true},"name":{"type":"string","description":"Threshold name.","description_kind":"markdown","required":true},"operator":{"type":"string","description":"Threshold comparison operator.","description_kind":"markdown","required":true},"values":{"type":["list","number"],"description":"Numeric threshold values.","description_kind":"markdown","required":true}},"block_types":{"custom_resolve_threshold":{"nesting_mode":"single","block":{"attributes":{"operator":{"type":"string","description":"Recovery comparison operator.","description_kind":"markdown","optional":true},"values":{"type":["list","number"],"description":"Numeric recovery threshold values.","description_kind":"markdown","optional":true}},"description":"Optional custom recovery threshold used to reduce alert flapping. Supported only with `gt`, `lt`, `within_range`, and `outside_range` firing operators.","description_kind":"markdown"}},"relative_timerange":{"nesting_mode":"single","block":{"attributes":{"from":{"type":"string","description":"Start of the relative range, for example `-5m`.","description_kind":"markdown","optional":true,"computed":true},"to":{"type":"string","description":"End of the relative range, for example `0m`.","description_kind":"markdown","optional":true,"computed":true}},"description":"Relative time range for this query, reducer, or threshold.","description_kind":"markdown"}}},"description":"Required. Thresholds that decide when the monitor fires. At least one threshold block must be configured.","description_kind":"markdown"}}},"description":"Manages a groundcover Monitor with a typed Terraform schema. Functionally identical to `groundcover_monitor_v2`, but `notification_settings.connected_app_params` is a JSON string, making it usable by schema code generators (Crossplane/upjet) that cannot represent nested maps.","description_kind":"markdown"}},"groundcover_notification_route":{"version":0,"block":{"attributes":{"created_at":{"type":"string","description":"The date the notification route was created (RFC3339 format).","description_kind":"plain","computed":true},"created_by":{"type":"string","description":"The user who created the notification route.","description_kind":"plain","computed":true},"id":{"type":"string","description":"The unique identifier for the notification route.","description_kind":"plain","computed":true},"modified_at":{"type":"string","description":"The date the notification route was last modified (RFC3339 format).","description_kind":"plain","computed":true},"modified_by":{"type":"string","description":"The user who last modified the notification route.","description_kind":"plain","computed":true},"name":{"type":"string","description":"Name of the notification route.","description_kind":"plain","required":true},"notification_settings":{"nested_type":{"attributes":{"renotification_interval":{"type":"string","description":"Duration between renotifications (e.g., '1h', '30m'). The API may normalize this value.","description_kind":"plain","optional":true}},"nesting_mode":"single"},"description":"Notification settings for this route.","description_kind":"plain","optional":true,"computed":true},"query":{"type":"string","description":"gcQL query to match issues.","description_kind":"plain","required":true},"routes":{"nested_type":{"attributes":{"connected_apps":{"nested_type":{"attributes":{"id":{"type":"string","description":"ID of the connected app.","description_kind":"plain","required":true},"params":{"nested_type":{"attributes":{"assignee_id":{"type":"string","description":"Linear user to assign created/updated issues to.","description_kind":"plain","optional":true},"auto_resolve":{"type":"bool","description":"Whether resolved issues transition the linked Linear issues. The backend defaults this to true when unset.","description_kind":"plain","optional":true,"computed":true},"channels":{"nested_type":{"attributes":{"id":{"type":"string","description":"Slack channel ID used for delivery.","description_kind":"plain","required":true},"name":{"type":"string","description":"Channel display name shown by channel selectors; optional.","description_kind":"plain","optional":true}},"nesting_mode":"list"},"description":"Slack channels to notify for this connected app. Required for 'slack-app' routes.","description_kind":"plain","optional":true},"delegate_id":{"type":"string","description":"Linear agent to delegate created/updated issues to.","description_kind":"plain","optional":true},"label_ids":{"type":["list","string"],"description":"Linear label IDs to assign to created/updated issues.","description_kind":"plain","optional":true},"project_id":{"type":"string","description":"Linear project to assign created/updated issues to.","description_kind":"plain","optional":true},"resolved_status_id":{"type":"string","description":"Linear status used when auto-resolving issues. Required when auto_resolve is true or unset.","description_kind":"plain","optional":true},"team_id":{"type":"string","description":"Linear team that receives created issues.","description_kind":"plain","optional":true}},"nesting_mode":"single"},"description":"Route-specific delivery parameters for this connected app. 'slack-app' routes require channels; Linear routes use team_id and the related Linear fields. Omit for connected app types that don't support route params.","description_kind":"plain","optional":true},"type":{"type":"string","description":"Type of connected app (e.g., 'slack-webhook', 'slack-app', 'pagerduty', 'linear').","description_kind":"plain","required":true}},"nesting_mode":"list"},"description":"List of connected apps to notify for this route.","description_kind":"plain","required":true},"status":{"type":["list","string"],"description":"List of issue statuses that trigger this route (e.g., 'Alerting', 'Resolved').","description_kind":"plain","required":true}},"nesting_mode":"list"},"description":"List of routing rules that define which connected apps receive notifications based on issue status.","description_kind":"plain","required":true}},"description":"Notification Route resource for managing issue routing to connected apps.","description_kind":"plain"}},"groundcover_policy":{"version":1,"block":{"attributes":{"claim_role":{"type":"string","description":"SSO Role claim name used for mapping.","description_kind":"markdown","optional":true},"data_scope":{"nested_type":{"attributes":{"advanced":{"nested_type":{"attributes":{"events":{"nested_type":{"attributes":{"conditions":{"nested_type":{"attributes":{"filters":{"nested_type":{"attributes":{"op":{"type":"string","description":"The filter operation (e.g., 'match').","description_kind":"markdown","required":true},"value":{"type":"string","description":"The value to filter on.","description_kind":"markdown","required":true}},"nesting_mode":"list"},"description":"List of filter criteria for the condition.","description_kind":"markdown","required":true},"key":{"type":"string","description":"The key for the condition (e.g., 'environment').","description_kind":"markdown","required":true},"origin":{"type":"string","description":"The origin of the key.","description_kind":"markdown","required":true},"type":{"type":"string","description":"The type of the key.","description_kind":"markdown","required":true}},"nesting_mode":"list"},"description":"List of conditions for the data scope.","description_kind":"markdown","required":true},"disabled":{"type":"bool","description":"Whether this data type is disabled (no data access). When true, users have no access to this data type.","description_kind":"markdown","optional":true},"operator":{"type":"string","description":"Logical operator (e.g., 'and', 'or').","description_kind":"markdown","required":true}},"nesting_mode":"single"},"description":"Data scope rules for events.","description_kind":"markdown","optional":true},"logs":{"nested_type":{"attributes":{"conditions":{"nested_type":{"attributes":{"filters":{"nested_type":{"attributes":{"op":{"type":"string","description":"The filter operation (e.g., 'match').","description_kind":"markdown","required":true},"value":{"type":"string","description":"The value to filter on.","description_kind":"markdown","required":true}},"nesting_mode":"list"},"description":"List of filter criteria for the condition.","description_kind":"markdown","required":true},"key":{"type":"string","description":"The key for the condition (e.g., 'environment').","description_kind":"markdown","required":true},"origin":{"type":"string","description":"The origin of the key.","description_kind":"markdown","required":true},"type":{"type":"string","description":"The type of the key.","description_kind":"markdown","required":true}},"nesting_mode":"list"},"description":"List of conditions for the data scope.","description_kind":"markdown","required":true},"disabled":{"type":"bool","description":"Whether this data type is disabled (no data access). When true, users have no access to this data type.","description_kind":"markdown","optional":true},"operator":{"type":"string","description":"Logical operator (e.g., 'and', 'or').","description_kind":"markdown","required":true}},"nesting_mode":"single"},"description":"Data scope rules for logs.","description_kind":"markdown","optional":true},"metrics":{"nested_type":{"attributes":{"conditions":{"nested_type":{"attributes":{"filters":{"nested_type":{"attributes":{"op":{"type":"string","description":"The filter operation (e.g., 'match').","description_kind":"markdown","required":true},"value":{"type":"string","description":"The value to filter on.","description_kind":"markdown","required":true}},"nesting_mode":"list"},"description":"List of filter criteria for the condition.","description_kind":"markdown","required":true},"key":{"type":"string","description":"The key for the condition (e.g., 'environment').","description_kind":"markdown","required":true},"origin":{"type":"string","description":"The origin of the key.","description_kind":"markdown","required":true},"type":{"type":"string","description":"The type of the key.","description_kind":"markdown","required":true}},"nesting_mode":"list"},"description":"List of conditions for the data scope.","description_kind":"markdown","required":true},"disabled":{"type":"bool","description":"Whether this data type is disabled (no data access). When true, users have no access to this data type.","description_kind":"markdown","optional":true},"operator":{"type":"string","description":"Logical operator (e.g., 'and', 'or').","description_kind":"markdown","required":true}},"nesting_mode":"single"},"description":"Data scope rules for metrics.","description_kind":"markdown","optional":true},"traces":{"nested_type":{"attributes":{"conditions":{"nested_type":{"attributes":{"filters":{"nested_type":{"attributes":{"op":{"type":"string","description":"The filter operation (e.g., 'match').","description_kind":"markdown","required":true},"value":{"type":"string","description":"The value to filter on.","description_kind":"markdown","required":true}},"nesting_mode":"list"},"description":"List of filter criteria for the condition.","description_kind":"markdown","required":true},"key":{"type":"string","description":"The key for the condition (e.g., 'environment').","description_kind":"markdown","required":true},"origin":{"type":"string","description":"The origin of the key.","description_kind":"markdown","required":true},"type":{"type":"string","description":"The type of the key.","description_kind":"markdown","required":true}},"nesting_mode":"list"},"description":"List of conditions for the data scope.","description_kind":"markdown","required":true},"disabled":{"type":"bool","description":"Whether this data type is disabled (no data access). When true, users have no access to this data type.","description_kind":"markdown","optional":true},"operator":{"type":"string","description":"Logical operator (e.g., 'and', 'or').","description_kind":"markdown","required":true}},"nesting_mode":"single"},"description":"Data scope rules for traces.","description_kind":"markdown","optional":true},"workloads":{"nested_type":{"attributes":{"conditions":{"nested_type":{"attributes":{"filters":{"nested_type":{"attributes":{"op":{"type":"string","description":"The filter operation (e.g., 'match').","description_kind":"markdown","required":true},"value":{"type":"string","description":"The value to filter on.","description_kind":"markdown","required":true}},"nesting_mode":"list"},"description":"List of filter criteria for the condition.","description_kind":"markdown","required":true},"key":{"type":"string","description":"The key for the condition (e.g., 'environment').","description_kind":"markdown","required":true},"origin":{"type":"string","description":"The origin of the key.","description_kind":"markdown","required":true},"type":{"type":"string","description":"The type of the key.","description_kind":"markdown","required":true}},"nesting_mode":"list"},"description":"List of conditions for the data scope.","description_kind":"markdown","required":true},"disabled":{"type":"bool","description":"Whether this data type is disabled (no data access). When true, users have no access to this data type.","description_kind":"markdown","optional":true},"operator":{"type":"string","description":"Logical operator (e.g., 'and', 'or').","description_kind":"markdown","required":true}},"nesting_mode":"single"},"description":"Data scope rules for workloads.","description_kind":"markdown","optional":true}},"nesting_mode":"single"},"description":"Advanced data scope configuration. Allows per-data-type filtering rules for fine-grained access control.","description_kind":"markdown","optional":true},"simple":{"nested_type":{"attributes":{"conditions":{"nested_type":{"attributes":{"filters":{"nested_type":{"attributes":{"op":{"type":"string","description":"The filter operation (e.g., 'match').","description_kind":"markdown","required":true},"value":{"type":"string","description":"The value to filter on.","description_kind":"markdown","required":true}},"nesting_mode":"list"},"description":"List of filter criteria for the condition.","description_kind":"markdown","required":true},"key":{"type":"string","description":"The key for the condition (e.g., 'environment').","description_kind":"markdown","required":true},"origin":{"type":"string","description":"The origin of the key.","description_kind":"markdown","required":true},"type":{"type":"string","description":"The type of the key.","description_kind":"markdown","required":true}},"nesting_mode":"list"},"description":"List of conditions for the data scope.","description_kind":"markdown","required":true},"disabled":{"type":"bool","description":"Whether this data type is disabled (no data access). When true, users have no access to this data type.","description_kind":"markdown","optional":true},"operator":{"type":"string","description":"Logical operator (e.g., 'and', 'or').","description_kind":"markdown","required":true}},"nesting_mode":"single"},"description":"Simple data scope configuration. Applies a single set of filtering rules to all data types.","description_kind":"markdown","optional":true}},"nesting_mode":"single"},"description":"Defines the data scope restrictions for the policy. Either 'simple' or 'advanced' must be specified, but not both.","description_kind":"markdown","optional":true},"deprecated":{"type":"bool","description":"Indicates if the policy is deprecated.","description_kind":"markdown","computed":true},"description":{"type":"string","description":"A description for the policy.","description_kind":"markdown","optional":true},"id":{"type":"string","description":"The unique identifier (ID) of the policy. Same as UUID.","description_kind":"markdown","computed":true},"is_system_defined":{"type":"bool","description":"Indicates if the policy is system-defined.","description_kind":"markdown","computed":true},"name":{"type":"string","description":"The name of the policy.","description_kind":"markdown","required":true},"read_only":{"type":"bool","description":"Indicates if the policy is read-only (managed internally).","description_kind":"markdown","computed":true},"revision_number":{"type":"number","description":"Revision number of the policy, used for concurrency control.","description_kind":"markdown","computed":true},"role":{"type":["map","string"],"description":"Role definitions associated with the policy. The map **key** is the access level granted to the policy and must be one of `read`, `write`, or `admin`. The map **value** is unused on the backend — pass any non-empty string (e.g. the role key itself). Example: `role = { admin = \"admin\" }`.","description_kind":"markdown","required":true},"uuid":{"type":"string","description":"The unique identifier (UUID) of the policy.","description_kind":"markdown","computed":true}},"description":"Manages a groundcover RBAC policy.","description_kind":"markdown"}},"groundcover_recurring_silence":{"version":0,"block":{"attributes":{"comment":{"type":"string","description":"A comment describing the reason for the recurring silence.","description_kind":"markdown","optional":true,"computed":true},"enabled":{"type":"bool","description":"Whether the recurring silence is active. Defaults to `true`.","description_kind":"markdown","optional":true,"computed":true},"id":{"type":"string","description":"The unique identifier (UUID) of the recurring silence.","description_kind":"markdown","computed":true},"matchers":{"nested_type":{"attributes":{"is_contains":{"type":"bool","description":"If true, the value is treated as a contains pattern (partial match). If false, the value must match exactly. Defaults to `false`.","description_kind":"markdown","optional":true,"computed":true},"is_equal":{"type":"bool","description":"If true, the matcher matches when the label value equals the specified value. If false, it matches when the value does NOT equal. Defaults to `true`.","description_kind":"markdown","optional":true,"computed":true},"name":{"type":"string","description":"The name of the label to match (e.g., `service`, `environment`, `workload`).","description_kind":"markdown","required":true},"value":{"type":"string","description":"The value to match against. It can be an exact value or a partial match pattern if `is_contains` is true.","description_kind":"markdown","required":true}},"nesting_mode":"list"},"description":"A list of matchers that define which alerts to silence. Each matcher specifies a label name and value to match against.","description_kind":"markdown","required":true},"recurrence_type":{"type":"string","description":"How the silence recurs: `daily`, `weekly`, or `monthly`. This determines the valid `day` values in `timeframes`.","description_kind":"markdown","required":true},"timeframes":{"nested_type":{"attributes":{"day":{"type":"string","description":"The day key. `every_day` (daily), a lowercase weekday name (weekly), or a day-of-month string (monthly).","description_kind":"markdown","required":true},"end_time":{"type":"string","description":"Window end time, 24-hour `HH:MM` (e.g. `17:30`).","description_kind":"markdown","required":true},"start_time":{"type":"string","description":"Window start time, 24-hour `HH:MM` (e.g. `09:00`).","description_kind":"markdown","required":true}},"nesting_mode":"set"},"description":"The set of time windows to silence. Each entry maps a `day` to a `start_time`/`end_time` (24-hour `HH:MM`). Valid `day` values depend on `recurrence_type`: `daily` uses `every_day`; `weekly` uses lowercase weekday names (`monday`..`sunday`); `monthly` uses day-of-month numbers as strings (`1`..`31`).","description_kind":"markdown","required":true},"timezone":{"type":"string","description":"IANA timezone name the timeframes are evaluated in (e.g. `UTC`, `America/New_York`, `Asia/Jerusalem`).","description_kind":"markdown","required":true}},"description":"Manages a groundcover Recurring Silence.\n\nA recurring silence repeatedly suppresses alerts on a schedule (daily, weekly, or monthly) rather than for a single fixed window. Each occurrence is generated from the `recurrence_type`, `timeframes`, and `timezone`. For a one-off suppression window, use `groundcover_silence` instead.","description_kind":"markdown"}},"groundcover_secret":{"version":0,"block":{"attributes":{"content":{"type":"string","description":"The secret content/value. This is write-only and will not be returned by the API.","description_kind":"markdown","required":true,"sensitive":true,"write_only":true},"content_hash":{"type":"string","description":"FNV1a hash of the secret content (hex encoded). This is computed by the API and can be used to detect if the secret content has changed.","description_kind":"markdown","computed":true},"id":{"type":"string","description":"The unique reference ID for the secret. Use this ID in other resources (e.g., data integrations) as a placeholder for the secret value.","description_kind":"markdown","computed":true},"name":{"type":"string","description":"The name of the secret.","description_kind":"markdown","required":true},"type":{"type":"string","description":"The type of the secret. Valid values are: `api_key`, `password`, `basic_auth`.","description_kind":"markdown","required":true}},"description":"Manages a groundcover Secret.\n\nSecrets allow you to securely store sensitive values (like API keys, passwords, or credentials) and receive a reference ID that can be used in other resources (such as data integrations) as a placeholder instead of the actual secret value.\n\n**Permissions:** Managing secrets (create, update, delete) requires a service account with the **admin** role. Service accounts with read or write roles cannot manage secrets and will receive a permission error from the API.\n\n**Note:** The secret content is write-only and is NOT persisted in Terraform state. It is only sent to the API during create and update operations and cannot be retrieved afterward.","description_kind":"markdown"}},"groundcover_serviceaccount":{"version":0,"block":{"attributes":{"description":{"type":"string","description":"An optional description for the service account.","description_kind":"markdown","optional":true},"email":{"type":"string","description":"The email associated with the service account.","description_kind":"markdown","required":true},"id":{"type":"string","description":"The unique identifier for the service account.","description_kind":"markdown","computed":true},"name":{"type":"string","description":"The name of the service account.","description_kind":"markdown","required":true},"policy_uuids":{"type":["list","string"],"description":"List of policy UUIDs to assign to the service account.","description_kind":"markdown","required":true}},"description":"Manages a groundcover Service Account.","description_kind":"markdown"}},"groundcover_silence":{"version":0,"block":{"attributes":{"comment":{"type":"string","description":"A comment describing the reason for the silence.","description_kind":"markdown","optional":true,"computed":true},"ends_at":{"type":"string","description":"The end time of the silence in RFC3339 format UTC 0 (e.g., `2024-01-15T12:00:00Z`).","description_kind":"markdown","required":true},"id":{"type":"string","description":"The unique identifier (UUID) of the silence.","description_kind":"markdown","computed":true},"matchers":{"nested_type":{"attributes":{"is_contains":{"type":"bool","description":"If true, the value is treated as a contains pattern (partial match). If false, the value must match exactly. Defaults to `false`.","description_kind":"markdown","optional":true,"computed":true},"is_equal":{"type":"bool","description":"If true, the matcher will match when the label value equals the specified value. If false, it matches when the value does NOT equal. Defaults to `true`.","description_kind":"markdown","optional":true,"computed":true},"name":{"type":"string","description":"The name of the label to match (e.g., `service`, `environment`, `workload`).","description_kind":"markdown","required":true},"value":{"type":"string","description":"The value to match against. It can be an exact value or a partial match pattern if `is_contains` is true.","description_kind":"markdown","required":true}},"nesting_mode":"list"},"description":"A list of matchers that define which alerts to silence. Each matcher specifies a label name and value to match against.","description_kind":"markdown","required":true},"starts_at":{"type":"string","description":"The start time of the silence in RFC3339 format UTC 0 (e.g., `2024-01-15T10:00:00Z`).","description_kind":"markdown","required":true}},"description":"Manages a groundcover Silence.\n\nSilences allow you to suppress alerts for a specific time window based on matching criteria. This is useful for planned maintenance, deployments, or other situations where you want to temporarily mute alerts.\n\nA silence is defined by: a time window (starts_at, ends_at), a comment describing the reason for the silence, and one or more matchers that define which alerts to silence.","description_kind":"markdown"}},"groundcover_skill":{"version":0,"block":{"attributes":{"created_at":{"type":"string","description":"Creation timestamp returned by the API.","description_kind":"markdown","computed":true},"created_by":{"type":"string","description":"Creator identifier returned by the API.","description_kind":"markdown","computed":true},"description":{"type":"string","description":"Optional human-readable description of the Skill.","description_kind":"markdown","optional":true,"computed":true},"id":{"type":"string","description":"Skill UUID.","description_kind":"markdown","computed":true},"identifier":{"type":"string","description":"Stable display identifier returned by the API.","description_kind":"markdown","computed":true},"instructions":{"type":"string","description":"Instructions the Agent follows when it uses the Skill.","description_kind":"markdown","required":true},"is_organizational":{"type":"bool","description":"Whether the Skill is available to the organization. Terraform-managed Skills are always organizational.","description_kind":"markdown","computed":true},"is_provisioned":{"type":"bool","description":"Whether the Skill is managed by an external provisioner such as Terraform.","description_kind":"markdown","computed":true},"name":{"type":"string","description":"Skill name. Organizational skill names are unique case-insensitively.","description_kind":"markdown","required":true},"revision":{"type":"number","description":"Current Skill revision.","description_kind":"markdown","computed":true},"updated_at":{"type":"string","description":"Last update timestamp returned by the API.","description_kind":"markdown","computed":true},"updated_by":{"type":"string","description":"Last updater identifier returned by the API.","description_kind":"markdown","computed":true},"when_to_use":{"type":"string","description":"Guidance that tells the Agent when to use the Skill.","description_kind":"markdown","required":true}},"description":"Manages an organizational groundcover Agent Skill. Managing organizational Skills requires an admin service account.","description_kind":"markdown"}},"groundcover_synthetic_test":{"version":0,"block":{"attributes":{"enabled":{"type":"bool","description":"Whether the synthetic test is enabled. Default: `true`.","description_kind":"plain","optional":true,"computed":true},"id":{"type":"string","description":"The unique identifier (UUID) of the synthetic test.","description_kind":"plain","computed":true},"interval":{"type":"string","description":"How often the check runs. Supported values: `15s`, `30s`, `1m`, `5m`, `10m`, `15m`, `30m`, `1h`.","description_kind":"plain","required":true},"labels":{"type":["map","string"],"description":"Extra labels to attach to the synthetic test metrics.","description_kind":"plain","optional":true},"name":{"type":"string","description":"The name of the synthetic test.","description_kind":"plain","required":true},"version":{"type":"number","description":"Configuration schema version. Managed by the provider.","description_kind":"plain","computed":true}},"block_types":{"assertion":{"nesting_mode":"list","block":{"attributes":{"operator":{"type":"string","description":"Comparison operator: `eq`, `ne`, `gt`, `lt`, `contains`, `exists`, `notExists`, `startsWith`, `endsWith`, `regex`, `oneOf`.","description_kind":"plain","required":true},"property":{"type":"string","description":"Specifies which property to evaluate within the assertion source. Usage varies by source — see documentation for per-source details.","description_kind":"plain","optional":true},"severity":{"type":"string","description":"Assertion severity: `critical` (default) or `degraded`.","description_kind":"plain","optional":true},"source":{"type":"string","description":"What to assert on. All check types: `responseTime`. HTTP: `statusCode`, `responseHeader`, `jsonBody`, `responseBody`. SSL/TLS: `certificateValid`, `certificateExpiresIn`, `tlsVersion`, `chainValid`, `cipherSuite`. TCP: `tcpConnection`, `responseContains`. DNS: `dnsAnswer`.","description_kind":"plain","required":true},"target":{"type":"string","description":"Expected value to compare against (as string, e.g. `\"200\"` for status code).","description_kind":"plain","optional":true}},"description":"Assertions to validate the check result.","description_kind":"plain"}},"dns_check":{"nesting_mode":"single","block":{"attributes":{"dnssec":{"type":"bool","description":"Whether to validate DNSSEC.","description_kind":"plain","optional":true},"domain":{"type":"string","description":"(Required) The domain name to resolve.","description_kind":"plain","optional":true},"port":{"type":"number","description":"The DNS server port (1-65535). Defaults to 53.","description_kind":"plain","optional":true},"record_type":{"type":"string","description":"(Required) DNS record type to query. Supported values: `A`, `AAAA`, `CNAME`, `MX`, `NS`, `TXT`, `SOA`, `SRV`, `PTR`.","description_kind":"plain","optional":true},"resolver":{"type":"string","description":"Custom DNS resolver address (e.g. `8.8.8.8`).","description_kind":"plain","optional":true},"timeout":{"type":"string","description":"Timeout for the DNS check (e.g. `5s`, `10s`).","description_kind":"plain","optional":true}},"description":"DNS check configuration. Tests DNS resolution and optionally validates DNSSEC.","description_kind":"plain"}},"http_check":{"nesting_mode":"single","block":{"attributes":{"allow_insecure":{"type":"bool","description":"Whether to allow insecure TLS connections.","description_kind":"plain","optional":true},"follow_redirects":{"type":"bool","description":"Whether to follow HTTP redirects.","description_kind":"plain","optional":true},"headers":{"type":["map","string"],"description":"HTTP headers to send with the request.","description_kind":"plain","optional":true},"method":{"type":"string","description":"(Required) HTTP method. Supported: `GET`, `POST`, `PUT`, `PATCH`, `DELETE`, `HEAD`, `OPTIONS`.","description_kind":"plain","optional":true},"timeout":{"type":"string","description":"Request timeout (e.g. `10s`, `30s`).","description_kind":"plain","optional":true,"computed":true},"url":{"type":"string","description":"(Required) The URL to check (must include http:// or https://).","description_kind":"plain","optional":true}},"block_types":{"auth":{"nesting_mode":"single","block":{"attributes":{"password":{"type":"string","description":"Password for basic auth. Supports `secretRef::store::\u003cid\u003e` references.","description_kind":"plain","optional":true,"sensitive":true},"token":{"type":"string","description":"Token for bearer auth. Supports `secretRef::store::\u003cid\u003e` references.","description_kind":"plain","optional":true,"sensitive":true},"type":{"type":"string","description":"Auth type: `basic`, `bearer`, or `none`.","description_kind":"plain","optional":true},"username":{"type":"string","description":"Username for basic auth.","description_kind":"plain","optional":true}},"description":"HTTP authentication. Supports `basic`, `bearer`, or `none`.","description_kind":"plain"}},"body":{"nesting_mode":"single","block":{"attributes":{"content":{"type":"string","description":"Body content string.","description_kind":"plain","optional":true},"type":{"type":"string","description":"Body content type: `json`, `text`, or `raw`.","description_kind":"plain","optional":true}},"description":"HTTP request body.","description_kind":"plain"}}},"description":"HTTP check configuration. Defines the endpoint to monitor.","description_kind":"plain"}},"monitor":{"nesting_mode":"single","block":{"attributes":{"connected_apps":{"type":["list","string"],"description":"List of connected app IDs for direct notification delivery. Required when `notification_method` is `connectedApps`.","description_kind":"plain","optional":true},"disable_renotification":{"type":"bool","description":"Disable repeated notifications for the same issue.","description_kind":"plain","optional":true},"enabled_workflows":{"type":["list","string"],"description":"List of workflow IDs to route notifications to. Workflows and notification policies run simultaneously.","description_kind":"plain","optional":true},"execution_error_state":{"type":"string","description":"How the monitor behaves on execution errors. `OK` treats errors as normal, `Alerting` treats them as issues.","description_kind":"plain","optional":true},"issue_description":{"type":"string","description":"Description template for issues created by this monitor. Supports Jinja2 templating with variables like `{{ workload }}`.","description_kind":"plain","optional":true},"issue_summary":{"type":"string","description":"Summary template for issues created by this monitor. Supports Jinja2 templating.","description_kind":"plain","optional":true},"lookbehind_window":{"type":"string","description":"The time window the monitor looks back for evaluation (e.g. `5m`, `10m`).","description_kind":"plain","optional":true},"monitor_name":{"type":"string","description":"Custom name for the monitor. If not set, a default name is derived from the synthetic test name.","description_kind":"plain","optional":true},"no_data_state":{"type":"string","description":"How the monitor behaves when there is no data. `OK` treats no data as normal, `Alerting` treats it as an issue.","description_kind":"plain","optional":true},"notification_method":{"type":"string","description":"How the synthetic monitor delivers alert notifications. Supported values: `notificationRoutes` (default), `connectedApps`, `noNotifications`.","description_kind":"plain","optional":true},"renotification_interval":{"type":"string","description":"How long to wait before sending another notification while the alert is still firing (e.g. `15m`, `1h`, `4h`).","description_kind":"plain","optional":true},"severity":{"type":"string","description":"Severity level for issues created by this monitor. Supported values: `S1`, `S2`, `S3`, `S4`, `none`.","description_kind":"plain","optional":true},"status_filters":{"type":["list","string"],"description":"Which issue statuses trigger notifications. Supported values: `Alerting`, `Resolved`. Only applicable when `notification_method` is `connectedApps`.","description_kind":"plain","optional":true}},"block_types":{"evaluation_interval":{"nesting_mode":"single","block":{"attributes":{"interval":{"type":"string","description":"How often the monitor evaluates (e.g. `1m`, `5m`).","description_kind":"plain","optional":true},"pending_for":{"type":"string","description":"How long all evaluations must stay true before firing (e.g. `0s`, `1m`, `5m`).","description_kind":"plain","optional":true}},"description":"Evaluation interval settings for the monitor.","description_kind":"plain"}}},"description":"Monitor configuration for the synthetic test. Controls the monitor that is automatically created for this test, including alerting behavior and notification routing.","description_kind":"plain"}},"retry":{"nesting_mode":"single","block":{"attributes":{"count":{"type":"number","description":"Number of retry attempts.","description_kind":"plain","optional":true},"interval":{"type":"string","description":"Delay between retries (e.g. `1s`, `500ms`).","description_kind":"plain","optional":true}},"description":"Retry policy for failed checks.","description_kind":"plain"}},"ssl_check":{"nesting_mode":"single","block":{"attributes":{"host":{"type":"string","description":"(Required) The hostname to connect to for the SSL check.","description_kind":"plain","optional":true},"min_version":{"type":"string","description":"Minimum TLS version to accept (e.g. `1.2`, `1.3`).","description_kind":"plain","optional":true},"port":{"type":"number","description":"(Required) The port to connect to (1-65535).","description_kind":"plain","optional":true},"sni":{"type":"string","description":"Server Name Indication (SNI) value for the TLS handshake. Defaults to the host value.","description_kind":"plain","optional":true},"timeout":{"type":"string","description":"Timeout for the SSL check (e.g. `5s`, `10s`).","description_kind":"plain","optional":true},"verify":{"type":"bool","description":"Whether to verify the SSL certificate.","description_kind":"plain","optional":true}},"description":"SSL/TLS check configuration. Validates SSL certificates and TLS connections.","description_kind":"plain"}},"tcp_check":{"nesting_mode":"single","block":{"attributes":{"expect_response":{"type":"bool","description":"Whether to expect a response from the TCP endpoint.","description_kind":"plain","optional":true},"host":{"type":"string","description":"(Required) The hostname to connect to for the TCP check.","description_kind":"plain","optional":true},"port":{"type":"number","description":"(Required) The port to connect to (1-65535).","description_kind":"plain","optional":true},"receive_max_bytes":{"type":"number","description":"Maximum number of bytes to receive in the response.","description_kind":"plain","optional":true},"send":{"type":"string","description":"Data to send over the TCP connection.","description_kind":"plain","optional":true},"timeout":{"type":"string","description":"Timeout for the TCP check (e.g. `5s`, `10s`).","description_kind":"plain","optional":true}},"description":"TCP check configuration. Tests TCP connectivity and optionally sends/receives data.","description_kind":"plain"}}},"description":"Manages a groundcover Synthetic Test. Synthetic tests allow you to proactively monitor your services by running periodic HTTP, SSL/TLS, TCP, or DNS checks against specified endpoints.","description_kind":"plain"}},"groundcover_tracespipeline":{"version":0,"block":{"attributes":{"updated_at":{"type":"string","description":"The last update timestamp of the traces pipeline configuration.","description_kind":"plain","computed":true},"value":{"type":"string","description":"The YAML representation of the traces pipeline configuration.","description_kind":"plain","required":true}},"description":"Traces Pipeline resource. This is a singleton resource.","description_kind":"plain"}}}}}}
